{
  "meteor": {},
  "dependencies": {
    "basePackages": {
      "iron-router": {},
      "spin": {},
      "iron-router-progress": {},
      "bootstrap-3": {},
      "fast-render": {},
      "houston": {},
      "cron": {},
      "font-awesome": {},
      "hopscotch": {},
      "accounts-entry": {},
      "animate-css": {},
      "kadira": {}
    },
    "packages": {
      "iron-router": {
        "git": "https://github.com/EventedMind/iron-router.git",
        "tag": "v0.7.1",
        "commit": "d1ffb3f06ea4c112132b030f2eb1a70b81675ecb"
      },
      "spin": {
        "git": "https://github.com/SachaG/meteor-spin.git",
        "tag": "v0.2.2",
        "commit": "3f655f0016228e4195acc784c45d3e3a247dc39f"
      },
      "iron-router-progress": {
        "git": "https://github.com/Multiply/iron-router-progress.git",
        "tag": "v0.4.0",
        "commit": "02f78bdaca4c13d59f548d5a0ce83408c34b56d1"
      },
      "bootstrap-3": {
        "git": "https://github.com/mangasocial/meteor-bootstrap-3.git",
        "tag": "v3.1.1-1",
        "commit": "63dd38968828bb8963636df93e9a1c45e2dfe67e"
      },
      "fast-render": {
        "git": "https://github.com/arunoda/meteor-fast-render.git",
        "tag": "v0.2.5",
        "commit": "93e2fb334e55fbe9b5ebb2a2e65964018658f43e"
      },
      "houston": {
        "git": "https://github.com/gterrono/houston.git",
        "tag": "v1.0.4",
        "commit": "e76bda40587ac80ce51ee417047be8272664625c"
      },
      "cron": {
        "git": "https://github.com/alexsuslov/Meteor.cron.git",
        "tag": "v0.0.1",
        "commit": "5216d14472fee7b692e8371aadc9f35f54ba9bb0"
      },
      "font-awesome": {
        "git": "https://github.com/nate-strauser/meteor-font-awesome.git",
        "tag": "v4.1.0",
        "commit": "ce6b1e92715d1938babc5d69c655c17e387f5926"
      },
      "hopscotch": {
        "git": "https://github.com/Dsyko/meteor-hopscotch.git",
        "tag": "v0.1.2",
        "commit": "2f9ed5cf2813198fbb6ed6030ced40f0b84775a8"
      },
      "accounts-entry": {
        "git": "https://github.com/Differential/accounts-entry.git",
        "tag": "v0.7.3",
        "commit": "7facaa045d3720eeeba3420c28e48d5709188fe3"
      },
      "animate-css": {
        "git": "https://github.com/nate-strauser/meteor-animate-css.git",
        "tag": "v3.1.1",
        "commit": "59ce70b99dff5bc3d1227b789eefa43a761db158"
      },
      "kadira": {
        "git": "https://github.com/meteorhacks/kadira.git",
        "tag": "v2.1.1",
        "commit": "d15bb5299c898d2534b9f0d3ab07daf266a8928a"
      },
      "blaze-layout": {
        "git": "https://github.com/EventedMind/blaze-layout.git",
        "tag": "v0.2.4",
        "commit": "b40e9b0612329288d75cf52ad14a7da64bb8618f"
      },
      "paginated-subscription": {
        "git": "https://github.com/tmeasday/meteor-paginated-subscription.git",
        "tag": "v0.2.2",
        "commit": "2133a2163575f569f90253f81314f21b2bf08d20"
      },
      "accounts-t9n": {
        "git": "https://github.com/softwarerero/meteor-accounts-t9n.git",
        "tag": "v0.0.5",
        "commit": "ad9539a8818049d5d9fa050d8b2a1f62706483b1"
      }
    }
  }
}
